
Microsoft Visual Studio Solution File, Format Version 12.00
# Visual Studio 15
VisualStudioVersion = 15.0.27428.2011
MinimumVisualStudioVersion = 10.0.40219.1
Project("{FAE04EC0-301F-11D3-BF4B-00C04F79EFBC}") = "Project 1", "Project 1\Project 1.csproj", "{73BF0930-19B6-4397-8889-DB74F28464B1}"
EndProject
Global
	GlobalSection(SolutionConfigurationPlatforms) = preSolution
		Debug|Any CPU = Debug|Any CPU
		Release|Any CPU = Release|Any CPU
	EndGlobalSection
	GlobalSection(ProjectConfigurationPlatforms) = postSolution
		{73BF0930-19B6-4397-8889-DB74F28464B1}.Debug|Any CPU.ActiveCfg = Debug|Any CPU
		{73BF0930-19B6-4397-8889-DB74F28464B1}.Debug|Any CPU.Build.0 = Debug|Any CPU
		{73BF0930-19B6-4397-8889-DB74F28464B1}.Release|Any CPU.ActiveCfg = Release|Any CPU
		{73BF0930-19B6-4397-8889-DB74F28464B1}.Release|Any CPU.Build.0 = Release|Any CPU
	EndGlobalSection
	GlobalSection(SolutionProperties) = preSolution
		HideSolutionNode = FALSE
	EndGlobalSection
	GlobalSection(ExtensibilityGlobals) = postSolution
		SolutionGuid = {CED65CF5-CA06-48C9-8BA1-7661D85F4D95}
	EndGlobalSection
EndGlobal
